
Microsoft Visual Studio Solution File, Format Version 12.00
# Visual Studio Version 16
VisualStudioVersion = 16.0.31624.102
MinimumVisualStudioVersion = 10.0.40219.1
Project("{8BC9CEB8-8B4A-11D0-8D11-00A0C91BC942}") = "28_WindowsAPI", "28_WindowsAPI.vcxproj", "{4AB359CE-4FCF-442E-B6AF-A6C95CB3A9FE}"
EndProject
Global
	GlobalSection(SolutionConfigurationPlatforms) = preSolution
		Debug|x64 = Debug|x64
		Debug|x86 = Debug|x86
		Release|x64 = Release|x64
		Release|x86 = Release|x86
	EndGlobalSection
	GlobalSection(ProjectConfigurationPlatforms) = postSolution
		{4AB359CE-4FCF-442E-B6AF-A6C95CB3A9FE}.Debug|x64.ActiveCfg = Debug|x64
		{4AB359CE-4FCF-442E-B6AF-A6C95CB3A9FE}.Debug|x64.Build.0 = Debug|x64
		{4AB359CE-4FCF-442E-B6AF-A6C95CB3A9FE}.Debug|x86.ActiveCfg = Debug|Win32
		{4AB359CE-4FCF-442E-B6AF-A6C95CB3A9FE}.Debug|x86.Build.0 = Debug|Win32
		{4AB359CE-4FCF-442E-B6AF-A6C95CB3A9FE}.Release|x64.ActiveCfg = Release|x64
		{4AB359CE-4FCF-442E-B6AF-A6C95CB3A9FE}.Release|x64.Build.0 = Release|x64
		{4AB359CE-4FCF-442E-B6AF-A6C95CB3A9FE}.Release|x86.ActiveCfg = Release|Win32
		{4AB359CE-4FCF-442E-B6AF-A6C95CB3A9FE}.Release|x86.Build.0 = Release|Win32
	EndGlobalSection
	GlobalSection(SolutionProperties) = preSolution
		HideSolutionNode = FALSE
	EndGlobalSection
	GlobalSection(ExtensibilityGlobals) = postSolution
		SolutionGuid = {EFDABC78-CF18-4194-A269-114A1803BF4F}
	EndGlobalSection
EndGlobal
