<?xml version="1.0" encoding="utf-8"?>
<Project ToolsVersion="4.0" xmlns="http://schemas.microsoft.com/developer/msbuild/2003">
  <ItemGroup>
    <Filter Include="소스 파일">
      <UniqueIdentifier>{4FC737F1-C7A5-4376-A066-2A32D752A2FF}</UniqueIdentifier>
      <Extensions>cpp;c;cc;cxx;c++;cppm;ixx;def;odl;idl;hpj;bat;asm;asmx</Extensions>
    </Filter>
    <Filter Include="헤더 파일">
      <UniqueIdentifier>{93995380-89BD-4b04-88EB-625FBE52EBFB}</UniqueIdentifier>
      <Extensions>h;hh;hpp;hxx;h++;hm;inl;inc;ipp;xsd</Extensions>
    </Filter>
    <Filter Include="리소스 파일">
      <UniqueIdentifier>{67DA6AB6-F800-4c08-8B7A-83BB121AAD01}</UniqueIdentifier>
      <Extensions>rc;ico;cur;bmp;dlg;rc2;rct;bin;rgs;gif;jpg;jpeg;jpe;resx;tiff;tif;png;wav;mfcribbon-ms</Extensions>
    </Filter>
    <Filter Include="MainGame">
      <UniqueIdentifier>{d17de9bd-7c3a-48a7-a313-5da5d4c765ef}</UniqueIdentifier>
    </Filter>
    <Filter Include="Scene">
      <UniqueIdentifier>{2dbc1a59-9d22-4c81-94ef-a436b06aa0f7}</UniqueIdentifier>
    </Filter>
    <Filter Include="Object">
      <UniqueIdentifier>{7bd62e65-a800-43d1-91dd-775f29b31423}</UniqueIdentifier>
    </Filter>
    <Filter Include="Utility">
      <UniqueIdentifier>{8fe399b1-acc9-44fb-9cf2-57a3cd54ed66}</UniqueIdentifier>
    </Filter>
    <Filter Include="GameObject">
      <UniqueIdentifier>{b0b3bee7-a908-4369-b5f8-9d7ec9a94731}</UniqueIdentifier>
    </Filter>
    <Filter Include="GameObject\AvoidGame">
      <UniqueIdentifier>{92d3953c-11dd-4160-a2d6-c8cb6de3ac9a}</UniqueIdentifier>
    </Filter>
    <Filter Include="GameObject\Fortress">
      <UniqueIdentifier>{9308adc8-bec6-48f3-9c93-4a095b70265a}</UniqueIdentifier>
    </Filter>
    <Filter Include="GameObject\Arkanoid">
      <UniqueIdentifier>{45391798-b713-426c-95cd-d1d539d50cdd}</UniqueIdentifier>
    </Filter>
  </ItemGroup>
  <ItemGroup>
    <ClInclude Include="Framework.h">
      <Filter>헤더 파일</Filter>
    </ClInclude>
    <ClInclude Include="targetver.h">
      <Filter>헤더 파일</Filter>
    </ClInclude>
    <ClInclude Include="Resource.h">
      <Filter>헤더 파일</Filter>
    </ClInclude>
    <ClInclude Include="Main.h">
      <Filter>MainGame</Filter>
    </ClInclude>
    <ClInclude Include="MainGame.h">
      <Filter>MainGame</Filter>
    </ClInclude>
    <ClInclude Include="Scene.h">
      <Filter>Scene</Filter>
    </ClInclude>
    <ClInclude Include="TutorialScene.h">
      <Filter>Scene</Filter>
    </ClInclude>
    <ClInclude Include="PaintScene.h">
      <Filter>Scene</Filter>
    </ClInclude>
    <ClInclude Include="CollisionScene.h">
      <Filter>Scene</Filter>
    </ClInclude>
    <ClInclude Include="Point.h">
      <Filter>Object</Filter>
    </ClInclude>
    <ClInclude Include="Rect.h">
      <Filter>Object</Filter>
    </ClInclude>
    <ClInclude Include="Circle.h">
      <Filter>Object</Filter>
    </ClInclude>
    <ClInclude Include="Math.h">
      <Filter>Utility</Filter>
    </ClInclude>
    <ClInclude Include="AvoidGameScene.h">
      <Filter>Scene</Filter>
    </ClInclude>
    <ClInclude Include="Poo.h">
      <Filter>GameObject\AvoidGame</Filter>
    </ClInclude>
    <ClInclude Include="AvoidPlayer.h">
      <Filter>GameObject\AvoidGame</Filter>
    </ClInclude>
    <ClInclude Include="Collision.h">
      <Filter>Utility</Filter>
    </ClInclude>
    <ClInclude Include="AngleScene.h">
      <Filter>Scene</Filter>
    </ClInclude>
    <ClInclude Include="Tank.h">
      <Filter>GameObject\Fortress</Filter>
    </ClInclude>
    <ClInclude Include="Line.h">
      <Filter>Object</Filter>
    </ClInclude>
    <ClInclude Include="CannonBall.h">
      <Filter>GameObject\Fortress</Filter>
    </ClInclude>
    <ClInclude Include="CannonBallManager.h">
      <Filter>GameObject\Fortress</Filter>
    </ClInclude>
    <ClInclude Include="Vector2.h">
      <Filter>Utility</Filter>
    </ClInclude>
    <ClInclude Include="ArkanoidScene.h">
      <Filter>Scene</Filter>
    </ClInclude>
    <ClInclude Include="ArkaPlayer.h">
      <Filter>GameObject\Arkanoid</Filter>
    </ClInclude>
    <ClInclude Include="Ball.h">
      <Filter>GameObject\Arkanoid</Filter>
    </ClInclude>
  </ItemGroup>
  <ItemGroup>
    <ClCompile Include="Framework.cpp">
      <Filter>소스 파일</Filter>
    </ClCompile>
    <ClCompile Include="Main.cpp">
      <Filter>MainGame</Filter>
    </ClCompile>
    <ClCompile Include="MainGame.cpp">
      <Filter>MainGame</Filter>
    </ClCompile>
    <ClCompile Include="TutorialScene.cpp">
      <Filter>Scene</Filter>
    </ClCompile>
    <ClCompile Include="PaintScene.cpp">
      <Filter>Scene</Filter>
    </ClCompile>
    <ClCompile Include="CollisionScene.cpp">
      <Filter>Scene</Filter>
    </ClCompile>
    <ClCompile Include="Point.cpp">
      <Filter>Object</Filter>
    </ClCompile>
    <ClCompile Include="Rect.cpp">
      <Filter>Object</Filter>
    </ClCompile>
    <ClCompile Include="Circle.cpp">
      <Filter>Object</Filter>
    </ClCompile>
    <ClCompile Include="Math.cpp">
      <Filter>Utility</Filter>
    </ClCompile>
    <ClCompile Include="AvoidGameScene.cpp">
      <Filter>Scene</Filter>
    </ClCompile>
    <ClCompile Include="Poo.cpp">
      <Filter>GameObject\AvoidGame</Filter>
    </ClCompile>
    <ClCompile Include="AvoidPlayer.cpp">
      <Filter>GameObject\AvoidGame</Filter>
    </ClCompile>
    <ClCompile Include="Collision.cpp">
      <Filter>Utility</Filter>
    </ClCompile>
    <ClCompile Include="AngleScene.cpp">
      <Filter>Scene</Filter>
    </ClCompile>
    <ClCompile Include="Tank.cpp">
      <Filter>GameObject\Fortress</Filter>
    </ClCompile>
    <ClCompile Include="Line.cpp">
      <Filter>Object</Filter>
    </ClCompile>
    <ClCompile Include="CannonBall.cpp">
      <Filter>GameObject\Fortress</Filter>
    </ClCompile>
    <ClCompile Include="CannonBallManager.cpp">
      <Filter>GameObject\Fortress</Filter>
    </ClCompile>
    <ClCompile Include="Vector2.cpp">
      <Filter>Utility</Filter>
    </ClCompile>
    <ClCompile Include="ArkanoidScene.cpp">
      <Filter>Scene</Filter>
    </ClCompile>
    <ClCompile Include="ArkaPlayer.cpp">
      <Filter>GameObject\Arkanoid</Filter>
    </ClCompile>
    <ClCompile Include="Ball.cpp">
      <Filter>GameObject\Arkanoid</Filter>
    </ClCompile>
  </ItemGroup>
  <ItemGroup>
    <ResourceCompile Include="28_WindowsAPI.rc">
      <Filter>리소스 파일</Filter>
    </ResourceCompile>
  </ItemGroup>
  <ItemGroup>
    <Image Include="small.ico">
      <Filter>리소스 파일</Filter>
    </Image>
    <Image Include="28_WindowsAPI.ico">
      <Filter>리소스 파일</Filter>
    </Image>
  </ItemGroup>
</Project>